
Microsoft Visual Studio Solution File, Format Version 12.00
# Visual Studio Version 17
VisualStudioVersion = 17.4.33403.182
MinimumVisualStudioVersion = 10.0.40219.1
Project("{FAE04EC0-301F-11D3-BF4B-00C04F79EFBC}") = "OOPs_Concepts", "OOPs_Concepts\OOPs_Concepts.csproj", "{57043D04-45C0-4342-9572-9260143BC381}"
EndProject
Global
	GlobalSection(SolutionConfigurationPlatforms) = preSolution
		Debug|Any CPU = Debug|Any CPU
		Release|Any CPU = Release|Any CPU
	EndGlobalSection
	GlobalSection(ProjectConfigurationPlatforms) = postSolution
		{57043D04-45C0-4342-9572-9260143BC381}.Debug|Any CPU.ActiveCfg = Debug|Any CPU
		{57043D04-45C0-4342-9572-9260143BC381}.Debug|Any CPU.Build.0 = Debug|Any CPU
		{57043D04-45C0-4342-9572-9260143BC381}.Release|Any CPU.ActiveCfg = Release|Any CPU
		{57043D04-45C0-4342-9572-9260143BC381}.Release|Any CPU.Build.0 = Release|Any CPU
	EndGlobalSection
	GlobalSection(SolutionProperties) = preSolution
		HideSolutionNode = FALSE
	EndGlobalSection
	GlobalSection(ExtensibilityGlobals) = postSolution
		SolutionGuid = {04B408E0-8058-4F1A-B92B-C8778E32375A}
	EndGlobalSection
EndGlobal
